// !$*UTF8*$!
{
	archiveVersion = 1;
	classes = {
	};
	objectVersion = 77;
	objects = {

/* Begin PBXBuildFile section */
		8C8E1A5A2D6F4C2F8E7A0001 /* H5_48K_24bit_256tap_FIR_SOFA.sofa in Resources */ = {isa = PBXBuildFile; fileRef = 8C8E1A5A2D6F4C2F8E7A0011 /* H5_48K_24bit_256tap_FIR_SOFA.sofa */; };
		8C8E1A5A2D6F4C2F8E7A0002 /* H10_48K_24bit_256tap_FIR_SOFA.sofa in Resources */ = {isa = PBXBuildFile; fileRef = 8C8E1A5A2D6F4C2F8E7A0012 /* H10_48K_24bit_256tap_FIR_SOFA.sofa */; };
		8C8E1A5A2D6F4C2F8E7A0003 /* H20_48K_24bit_256tap_FIR_SOFA.sofa in Resources */ = {isa = PBXBuildFile; fileRef = 8C8E1A5A2D6F4C2F8E7A0013 /* H20_48K_24bit_256tap_FIR_SOFA.sofa */; };
		8C8E1A5A2D6F4C2F8E7A0004 /* Screenshot 2026-04-07 at 15.23.59.png in Resources */ = {isa = PBXBuildFile; fileRef = 8C8E1A5A2D6F4C2F8E7A0014 /* Screenshot 2026-04-07 at 15.23.59.png */; };
		8C8E1A5A2D6F4C2F8E7A0005 /* Screenshot 2026-04-07 at 15.26.00.png in Resources */ = {isa = PBXBuildFile; fileRef = 8C8E1A5A2D6F4C2F8E7A0015 /* Screenshot 2026-04-07 at 15.26.00.png */; };
		8C8E1A5A2D6F4C2F8E7A0006 /* Screenshot 2026-04-07 at 15.26.12.png in Resources */ = {isa = PBXBuildFile; fileRef = 8C8E1A5A2D6F4C2F8E7A0016 /* Screenshot 2026-04-07 at 15.26.12.png */; };
		FC8BBA352F802F3A001578C0 /* Supabase in Frameworks */ = {isa = PBXBuildFile; productRef = FC8BBA342F802F3A001578C0 /* Supabase */; };
/* End PBXBuildFile section */

/* Begin PBXContainerItemProxy section */
		FC8BBA162F802F3A001578BF /* PBXContainerItemProxy */ = {
			isa = PBXContainerItemProxy;
			containerPortal = FC8BB9F72F802F37001578BF /* Project object */;
			proxyType = 1;
			remoteGlobalIDString = FC8BB9FE2F802F37001578BF;
			remoteInfo = AssistNav;
		};
		FC8BBA202F802F3A001578BF /* PBXContainerItemProxy */ = {
			isa = PBXContainerItemProxy;
			containerPortal = FC8BB9F72F802F37001578BF /* Project object */;
			proxyType = 1;
			remoteGlobalIDString = FC8BB9FE2F802F37001578BF;
			remoteInfo = AssistNav;
		};
/* End PBXContainerItemProxy section */

/* Begin PBXFileReference section */
		8C8E1A5A2D6F4C2F8E7A0011 /* H5_48K_24bit_256tap_FIR_SOFA.sofa */ = {isa = PBXFileReference; lastKnownFileType = file; name = H5_48K_24bit_256tap_FIR_SOFA.sofa; path = "HRIR Profiles/H5_48K_24bit_256tap_FIR_SOFA.sofa"; sourceTree = "<group>"; };
		8C8E1A5A2D6F4C2F8E7A0012 /* H10_48K_24bit_256tap_FIR_SOFA.sofa */ = {isa = PBXFileReference; lastKnownFileType = file; name = H10_48K_24bit_256tap_FIR_SOFA.sofa; path = "HRIR Profiles/H10_48K_24bit_256tap_FIR_SOFA.sofa"; sourceTree = "<group>"; };
		8C8E1A5A2D6F4C2F8E7A0013 /* H20_48K_24bit_256tap_FIR_SOFA.sofa */ = {isa = PBXFileReference; lastKnownFileType = file; name = H20_48K_24bit_256tap_FIR_SOFA.sofa; path = "HRIR Profiles/H20_48K_24bit_256tap_FIR_SOFA.sofa"; sourceTree = "<group>"; };
		8C8E1A5A2D6F4C2F8E7A0014 /* Screenshot 2026-04-07 at 15.23.59.png */ = {isa = PBXFileReference; lastKnownFileType = image.png; name = "Screenshot 2026-04-07 at 15.23.59.png"; path = "HRIR Profiles/Screenshot 2026-04-07 at 15.23.59.png"; sourceTree = "<group>"; };
		8C8E1A5A2D6F4C2F8E7A0015 /* Screenshot 2026-04-07 at 15.26.00.png */ = {isa = PBXFileReference; lastKnownFileType = image.png; name = "Screenshot 2026-04-07 at 15.26.00.png"; path = "HRIR Profiles/Screenshot 2026-04-07 at 15.26.00.png"; sourceTree = "<group>"; };
		8C8E1A5A2D6F4C2F8E7A0016 /* Screenshot 2026-04-07 at 15.26.12.png */ = {isa = PBXFileReference; lastKnownFileType = image.png; name = "Screenshot 2026-04-07 at 15.26.12.png"; path = "HRIR Profiles/Screenshot 2026-04-07 at 15.26.12.png"; sourceTree = "<group>"; };
		FC8BB9FF2F802F37001578BF /* AssistNav.app */ = {isa = PBXFileReference; explicitFileType = wrapper.application; includeInIndex = 0; path = AssistNav.app; sourceTree = BUILT_PRODUCTS_DIR; };
		FC8BBA152F802F3A001578BF /* AssistNavTests.xctest */ = {isa = PBXFileReference; explicitFileType = wrapper.cfbundle; includeInIndex = 0; path = AssistNavTests.xctest; sourceTree = BUILT_PRODUCTS_DIR; };
		FC8BBA1F2F802F3A001578BF /* AssistNavUITests.xctest */ = {isa = PBXFileReference; explicitFileType = wrapper.cfbundle; includeInIndex = 0; path = AssistNavUITests.xctest; sourceTree = BUILT_PRODUCTS_DIR; };
/* End PBXFileReference section */

/* Begin PBXFileSystemSynchronizedBuildFileExceptionSet section */
		FC8BBA272F802F3A001578BF /* Exceptions for "AssistNav" folder in "AssistNav" target */ = {
			isa = PBXFileSystemSynchronizedBuildFileExceptionSet;
			membershipExceptions = (
				Info.plist,
			);
			target = FC8BB9FE2F802F37001578BF /* AssistNav */;
		};
/* End PBXFileSystemSynchronizedBuildFileExceptionSet section */

/* Begin PBXFileSystemSynchronizedRootGroup section */
		FC8BBA012F802F37001578BF /* AssistNav */ = {
			isa = PBXFileSystemSynchronizedRootGroup;
			exceptions = (
				FC8BBA272F802F3A001578BF /* Exceptions for "AssistNav" folder in "AssistNav" target */,
			);
			path = AssistNav;
			sourceTree = "<group>";
		};
/* End PBXFileSystemSynchronizedRootGroup section */

/* Begin PBXFrameworksBuildPhase section */
		FC8BB9FC2F802F37001578BF /* Frameworks */ = {
			isa = PBXFrameworksBuildPhase;
			buildActionMask = 2147483647;
			files = (
				FC8BBA352F802F3A001578C0 /* Supabase in Frameworks */,
			);
			runOnlyForDeploymentPostprocessing = 0;
		};
		FC8BBA122F802F3A001578BF /* Frameworks */ = {
			isa = PBXFrameworksBuildPhase;
			buildActionMask = 2147483647;
			files = (
			);
			runOnlyForDeploymentPostprocessing = 0;
		};
		FC8BBA1C2F802F3A001578BF /* Frameworks */ = {
			isa = PBXFrameworksBuildPhase;
			buildActionMask = 2147483647;
			files = (
			);
			runOnlyForDeploymentPostprocessing = 0;
		};
/* End PBXFrameworksBuildPhase section */

/* Begin PBXGroup section */
		FC8BB9F62F802F37001578BF = {
			isa = PBXGroup;
			children = (
				FC8BBA012F802F37001578BF /* AssistNav */,
				FC8BBA002F802F37001578BF /* Products */,
				FCDBCCAA2F8530DB00DDD882 /* Recovered References */,
			);
			sourceTree = "<group>";
		};
		FC8BBA002F802F37001578BF /* Products */ = {
			isa = PBXGroup;
			children = (
				FC8BB9FF2F802F37001578BF /* AssistNav.app */,
				FC8BBA152F802F3A001578BF /* AssistNavTests.xctest */,
				FC8BBA1F2F802F3A001578BF /* AssistNavUITests.xctest */,
			);
			name = Products;
			sourceTree = "<group>";
		};
		FCDBCCAA2F8530DB00DDD882 /* Recovered References */ = {
			isa = PBXGroup;
			children = (
				8C8E1A5A2D6F4C2F8E7A0011 /* H5_48K_24bit_256tap_FIR_SOFA.sofa */,
				8C8E1A5A2D6F4C2F8E7A0012 /* H10_48K_24bit_256tap_FIR_SOFA.sofa */,
				8C8E1A5A2D6F4C2F8E7A0013 /* H20_48K_24bit_256tap_FIR_SOFA.sofa */,
				8C8E1A5A2D6F4C2F8E7A0014 /* Screenshot 2026-04-07 at 15.23.59.png */,
				8C8E1A5A2D6F4C2F8E7A0015 /* Screenshot 2026-04-07 at 15.26.00.png */,
				8C8E1A5A2D6F4C2F8E7A0016 /* Screenshot 2026-04-07 at 15.26.12.png */,
			);
			name = "Recovered References";
			sourceTree = "<group>";
		};
/* End PBXGroup section */

/* Begin PBXNativeTarget section */
		FC8BB9FE2F802F37001578BF /* AssistNav */ = {
			isa = PBXNativeTarget;
			buildConfigurationList = FC8BBA282F802F3A001578BF /* Build configuration list for PBXNativeTarget "AssistNav" */;
			buildPhases = (
				FC8BB9FB2F802F37001578BF /* Sources */,
				FC8BB9FC2F802F37001578BF /* Frameworks */,
				FC8BB9FD2F802F37001578BF /* Resources */,
			);
			buildRules = (
			);
			dependencies = (
			);
			fileSystemSynchronizedGroups = (
				FC8BBA012F802F37001578BF /* AssistNav */,
			);
			name = AssistNav;
			packageProductDependencies = (
				FC8BBA342F802F3A001578C0 /* Supabase */,
			);
			productName = AssistNav;
			productReference = FC8BB9FF2F802F37001578BF /* AssistNav.app */;
			productType = "com.apple.product-type.application";
		};
		FC8BBA142F802F3A001578BF /* AssistNavTests */ = {
			isa = PBXNativeTarget;
			buildConfigurationList = FC8BBA2D2F802F3A001578BF /* Build configuration list for PBXNativeTarget "AssistNavTests" */;
			buildPhases = (
				FC8BBA112F802F3A001578BF /* Sources */,
				FC8BBA122F802F3A001578BF /* Frameworks */,
				FC8BBA132F802F3A001578BF /* Resources */,
			);
			buildRules = (
			);
			dependencies = (
				FC8BBA172F802F3A001578BF /* PBXTargetDependency */,
			);
			name = AssistNavTests;
			packageProductDependencies = (
			);
			productName = AssistNavTests;
			productReference = FC8BBA152F802F3A001578BF /* AssistNavTests.xctest */;
			productType = "com.apple.product-type.bundle.unit-test";
		};
		FC8BBA1E2F802F3A001578BF /* AssistNavUITests */ = {
			isa = PBXNativeTarget;
			buildConfigurationList = FC8BBA302F802F3A001578BF /* Build configuration list for PBXNativeTarget "AssistNavUITests" */;
			buildPhases = (
				FC8BBA1B2F802F3A001578BF /* Sources */,
				FC8BBA1C2F802F3A001578BF /* Frameworks */,
				FC8BBA1D2F802F3A001578BF /* Resources */,
			);
			buildRules = (
			);
			dependencies = (
				FC8BBA212F802F3A001578BF /* PBXTargetDependency */,
			);
			name = AssistNavUITests;
			packageProductDependencies = (
			);
			productName = AssistNavUITests;
			productReference = FC8BBA1F2F802F3A001578BF /* AssistNavUITests.xctest */;
			productType = "com.apple.product-type.bundle.ui-testing";
		};
/* End PBXNativeTarget section */

/* Begin PBXProject section */
		FC8BB9F72F802F37001578BF /* Project object */ = {
			isa = PBXProject;
			attributes = {
				BuildIndependentTargetsInParallel = 1;
				LastSwiftUpdateCheck = 1620;
				LastUpgradeCheck = 1620;
				TargetAttributes = {
					FC8BB9FE2F802F37001578BF = {
						CreatedOnToolsVersion = 16.2;
					};
					FC8BBA142F802F3A001578BF = {
						CreatedOnToolsVersion = 16.2;
						TestTargetID = FC8BB9FE2F802F37001578BF;
					};
					FC8BBA1E2F802F3A001578BF = {
						CreatedOnToolsVersion = 16.2;
						TestTargetID = FC8BB9FE2F802F37001578BF;
					};
				};
			};
			buildConfigurationList = FC8BB9FA2F802F37001578BF /* Build configuration list for PBXProject "AssistNav" */;
			developmentRegion = en;
			hasScannedForEncodings = 0;
			knownRegions = (
				en,
				Base,
			);
			mainGroup = FC8BB9F62F802F37001578BF;
			minimizedProjectReferenceProxies = 1;
			packageReferences = (
				FC8BBA332F802F3A001578C0 /* XCRemoteSwiftPackageReference "supabase-swift" */,
			);
			preferredProjectObjectVersion = 77;
			productRefGroup = FC8BBA002F802F37001578BF /* Products */;
			projectDirPath = "";
			projectRoot = "";
			targets = (
				FC8BB9FE2F802F37001578BF /* AssistNav */,
				FC8BBA142F802F3A001578BF /* AssistNavTests */,
				FC8BBA1E2F802F3A001578BF /* AssistNavUITests */,
			);
		};
/* End PBXProject section */

/* Begin PBXResourcesBuildPhase section */
		FC8BB9FD2F802F37001578BF /* Resources */ = {
			isa = PBXResourcesBuildPhase;
			buildActionMask = 2147483647;
			files = (
				8C8E1A5A2D6F4C2F8E7A0001 /* H5_48K_24bit_256tap_FIR_SOFA.sofa in Resources */,
				8C8E1A5A2D6F4C2F8E7A0002 /* H10_48K_24bit_256tap_FIR_SOFA.sofa in Resources */,
				8C8E1A5A2D6F4C2F8E7A0003 /* H20_48K_24bit_256tap_FIR_SOFA.sofa in Resources */,
				8C8E1A5A2D6F4C2F8E7A0004 /* Screenshot 2026-04-07 at 15.23.59.png in Resources */,
				8C8E1A5A2D6F4C2F8E7A0005 /* Screenshot 2026-04-07 at 15.26.00.png in Resources */,
				8C8E1A5A2D6F4C2F8E7A0006 /* Screenshot 2026-04-07 at 15.26.12.png in Resources */,
			);
			runOnlyForDeploymentPostprocessing = 0;
		};
		FC8BBA132F802F3A001578BF /* Resources */ = {
			isa = PBXResourcesBuildPhase;
			buildActionMask = 2147483647;
			files = (
			);
			runOnlyForDeploymentPostprocessing = 0;
		};
		FC8BBA1D2F802F3A001578BF /* Resources */ = {
			isa = PBXResourcesBuildPhase;
			buildActionMask = 2147483647;
			files = (
			);
			runOnlyForDeploymentPostprocessing = 0;
		};
/* End PBXResourcesBuildPhase section */

/* Begin PBXSourcesBuildPhase section */
		FC8BB9FB2F802F37001578BF /* Sources */ = {
			isa = PBXSourcesBuildPhase;
			buildActionMask = 2147483647;
			files = (
			);
			runOnlyForDeploymentPostprocessing = 0;
		};
		FC8BBA112F802F3A001578BF /* Sources */ = {
			isa = PBXSourcesBuildPhase;
			buildActionMask = 2147483647;
			files = (
			);
			runOnlyForDeploymentPostprocessing = 0;
		};
		FC8BBA1B2F802F3A001578BF /* Sources */ = {
			isa = PBXSourcesBuildPhase;
			buildActionMask = 2147483647;
			files = (
			);
			runOnlyForDeploymentPostprocessing = 0;
		};
/* End PBXSourcesBuildPhase section */

/* Begin PBXTargetDependency section */
		FC8BBA172F802F3A001578BF /* PBXTargetDependency */ = {
			isa = PBXTargetDependency;
			target = FC8BB9FE2F802F37001578BF /* AssistNav */;
			targetProxy = FC8BBA162F802F3A001578BF /* PBXContainerItemProxy */;
		};
		FC8BBA212F802F3A001578BF /* PBXTargetDependency */ = {
			isa = PBXTargetDependency;
			target = FC8BB9FE2F802F37001578BF /* AssistNav */;
			targetProxy = FC8BBA202F802F3A001578BF /* PBXContainerItemProxy */;
		};
/* End PBXTargetDependency section */

/* Begin XCBuildConfiguration section */
		FC8BBA292F802F3A001578BF /* Debug */ = {
			isa = XCBuildConfiguration;
			buildSettings = {
				ASSETCATALOG_COMPILER_APPICON_NAME = AppIcon;
				ASSETCATALOG_COMPILER_GLOBAL_ACCENT_COLOR_NAME = AccentColor;
				CODE_SIGN_STYLE = Automatic;
				CURRENT_PROJECT_VERSION = 1;
				DEVELOPMENT_TEAM = 934ACJ8W2B;
				GENERATE_INFOPLIST_FILE = YES;
				INFOPLIST_FILE = AssistNav/Info.plist;
				INFOPLIST_KEY_UIApplicationSupportsIndirectInputEvents = YES;
				INFOPLIST_KEY_UILaunchStoryboardName = LaunchScreen;
				INFOPLIST_KEY_UIMainStoryboardFile = "";
				INFOPLIST_KEY_UISupportedInterfaceOrientations_iPad = "UIInterfaceOrientationPortrait UIInterfaceOrientationPortraitUpsideDown UIInterfaceOrientationLandscapeLeft UIInterfaceOrientationLandscapeRight";
				INFOPLIST_KEY_UISupportedInterfaceOrientations_iPhone = "UIInterfaceOrientationPortrait UIInterfaceOrientationLandscapeLeft UIInterfaceOrientationLandscapeRight";
				LD_RUNPATH_SEARCH_PATHS = (
					"$(inherited)",
					"@executable_path/Frameworks",
				);
				MARKETING_VERSION = 1.0;
				PRODUCT_BUNDLE_IDENTIFIER = app.assistnav;
				PRODUCT_NAME = "$(TARGET_NAME)";
				SWIFT_EMIT_LOC_STRINGS = YES;
				SWIFT_VERSION = 5.0;
				TARGETED_DEVICE_FAMILY = "1,2";
			};
			name = Debug;
		};
		FC8BBA2A2F802F3A001578BF /* Release */ = {
			isa = XCBuildConfiguration;
			buildSettings = {
				ASSETCATALOG_COMPILER_APPICON_NAME = AppIcon;
				ASSETCATALOG_COMPILER_GLOBAL_ACCENT_COLOR_NAME = AccentColor;
				CODE_SIGN_STYLE = Automatic;
				CURRENT_PROJECT_VERSION = 1;
				DEVELOPMENT_TEAM = 934ACJ8W2B;
				GENERATE_INFOPLIST_FILE = YES;
				INFOPLIST_FILE = AssistNav/Info.plist;
				INFOPLIST_KEY_UIApplicationSupportsIndirectInputEvents = YES;
				INFOPLIST_KEY_UILaunchStoryboardName = LaunchScreen;
				INFOPLIST_KEY_UIMainStoryboardFile = "";
				INFOPLIST_KEY_UISupportedInterfaceOrientations_iPad = "UIInterfaceOrientationPortrait UIInterfaceOrientationPortraitUpsideDown UIInterfaceOrientationLandscapeLeft UIInterfaceOrientationLandscapeRight";
				INFOPLIST_KEY_UISupportedInterfaceOrientations_iPhone = "UIInterfaceOrientationPortrait UIInterfaceOrientationLandscapeLeft UIInterfaceOrientationLandscapeRight";
				LD_RUNPATH_SEARCH_PATHS = (
					"$(inherited)",
					"@executable_path/Frameworks",
				);
				MARKETING_VERSION = 1.0;
				PRODUCT_BUNDLE_IDENTIFIER = app.assistnav;
				PRODUCT_NAME = "$(TARGET_NAME)";
				SWIFT_EMIT_LOC_STRINGS = YES;
				SWIFT_VERSION = 5.0;
				TARGETED_DEVICE_FAMILY = "1,2";
			};
			name = Release;
		};
		FC8BBA2B2F802F3A001578BF /* Debug */ = {
			isa = XCBuildConfiguration;
			buildSettings = {
				ALWAYS_SEARCH_USER_PATHS = NO;
				ASSETCATALOG_COMPILER_GENERATE_SWIFT_ASSET_SYMBOL_EXTENSIONS = YES;
				CLANG_ANALYZER_NONNULL = YES;
				CLANG_ANALYZER_NUMBER_OBJECT_CONVERSION = YES_AGGRESSIVE;
				CLANG_CXX_LANGUAGE_STANDARD = "gnu++20";
				CLANG_ENABLE_MODULES = YES;
				CLANG_ENABLE_OBJC_ARC = YES;
				CLANG_ENABLE_OBJC_WEAK = YES;
				CLANG_WARN_BLOCK_CAPTURE_AUTORELEASING = YES;
				CLANG_WARN_BOOL_CONVERSION = YES;
				CLANG_WARN_COMMA = YES;
				CLANG_WARN_CONSTANT_CONVERSION = YES;
				CLANG_WARN_DEPRECATED_OBJC_IMPLEMENTATIONS = YES;
				CLANG_WARN_DIRECT_OBJC_ISA_USAGE = YES_ERROR;
				CLANG_WARN_DOCUMENTATION_COMMENTS = YES;
				CLANG_WARN_EMPTY_BODY = YES;
				CLANG_WARN_ENUM_CONVERSION = YES;
				CLANG_WARN_INFINITE_RECURSION = YES;
				CLANG_WARN_INT_CONVERSION = YES;
				CLANG_WARN_NON_LITERAL_NULL_CONVERSION = YES;
				CLANG_WARN_OBJC_IMPLICIT_RETAIN_SELF = YES;
				CLANG_WARN_OBJC_LITERAL_CONVERSION = YES;
				CLANG_WARN_OBJC_ROOT_CLASS = YES_ERROR;
				CLANG_WARN_QUOTED_INCLUDE_IN_FRAMEWORK_HEADER = YES;
				CLANG_WARN_RANGE_LOOP_ANALYSIS = YES;
				CLANG_WARN_STRICT_PROTOTYPES = YES;
				CLANG_WARN_SUSPICIOUS_MOVE = YES;
				CLANG_WARN_UNGUARDED_AVAILABILITY = YES_AGGRESSIVE;
				CLANG_WARN_UNREACHABLE_CODE = YES;
				CLANG_WARN__DUPLICATE_METHOD_MATCH = YES;
				COPY_PHASE_STRIP = NO;
				DEBUG_INFORMATION_FORMAT = dwarf;
				ENABLE_STRICT_OBJC_MSGSEND = YES;
				ENABLE_TESTABILITY = YES;
				ENABLE_USER_SCRIPT_SANDBOXING = YES;
				GCC_C_LANGUAGE_STANDARD = gnu17;
				GCC_DYNAMIC_NO_PIC = NO;
				GCC_NO_COMMON_BLOCKS = YES;
				GCC_OPTIMIZATION_LEVEL = 0;
				GCC_PREPROCESSOR_DEFINITIONS = (
					"DEBUG=1",
					"$(inherited)",
				);
				GCC_WARN_64_TO_32_BIT_CONVERSION = YES;
				GCC_WARN_ABOUT_RETURN_TYPE = YES_ERROR;
				GCC_WARN_UNDECLARED_SELECTOR = YES;
				GCC_WARN_UNINITIALIZED_AUTOS = YES_AGGRESSIVE;
				GCC_WARN_UNUSED_FUNCTION = YES;
				GCC_WARN_UNUSED_VARIABLE = YES;
				IPHONEOS_DEPLOYMENT_TARGET = 18.2;
				LOCALIZATION_PREFERS_STRING_CATALOGS = YES;
				MTL_ENABLE_DEBUG_INFO = INCLUDE_SOURCE;
				MTL_FAST_MATH = YES;
				ONLY_ACTIVE_ARCH = YES;
				SDKROOT = iphoneos;
				SWIFT_ACTIVE_COMPILATION_CONDITIONS = "DEBUG $(inherited)";
				SWIFT_OPTIMIZATION_LEVEL = "-Onone";
			};
			name = Debug;
		};
		FC8BBA2C2F802F3A001578BF /* Release */ = {
			isa = XCBuildConfiguration;
			buildSettings = {
				ALWAYS_SEARCH_USER_PATHS = NO;
				ASSETCATALOG_COMPILER_GENERATE_SWIFT_ASSET_SYMBOL_EXTENSIONS = YES;
				CLANG_ANALYZER_NONNULL = YES;
				CLANG_ANALYZER_NUMBER_OBJECT_CONVERSION = YES_AGGRESSIVE;
				CLANG_CXX_LANGUAGE_STANDARD = "gnu++20";
				CLANG_ENABLE_MODULES = YES;
				CLANG_ENABLE_OBJC_ARC = YES;
				CLANG_ENABLE_OBJC_WEAK = YES;
				CLANG_WARN_BLOCK_CAPTURE_AUTORELEASING = YES;
				CLANG_WARN_BOOL_CONVERSION = YES;
				CLANG_WARN_COMMA = YES;
				CLANG_WARN_CONSTANT_CONVERSION = YES;
				CLANG_WARN_DEPRECATED_OBJC_IMPLEMENTATIONS = YES;
				CLANG_WARN_DIRECT_OBJC_ISA_USAGE = YES_ERROR;
				CLANG_WARN_DOCUMENTATION_COMMENTS = YES;
				CLANG_WARN_EMPTY_BODY = YES;
				CLANG_WARN_ENUM_CONVERSION = YES;
				CLANG_WARN_INFINITE_RECURSION = YES;
				CLANG_WARN_INT_CONVERSION = YES;
				CLANG_WARN_NON_LITERAL_NULL_CONVERSION = YES;
				CLANG_WARN_OBJC_IMPLICIT_RETAIN_SELF = YES;
				CLANG_WARN_OBJC_LITERAL_CONVERSION = YES;
				CLANG_WARN_OBJC_ROOT_CLASS = YES_ERROR;
				CLANG_WARN_QUOTED_INCLUDE_IN_FRAMEWORK_HEADER = YES;
				CLANG_WARN_RANGE_LOOP_ANALYSIS = YES;
				CLANG_WARN_STRICT_PROTOTYPES = YES;
				CLANG_WARN_SUSPICIOUS_MOVE = YES;
				CLANG_WARN_UNGUARDED_AVAILABILITY = YES_AGGRESSIVE;
				CLANG_WARN_UNREACHABLE_CODE = YES;
				CLANG_WARN__DUPLICATE_METHOD_MATCH = YES;
				COPY_PHASE_STRIP = NO;
				DEBUG_INFORMATION_FORMAT = "dwarf-with-dsym";
				ENABLE_NS_ASSERTIONS = NO;
				ENABLE_STRICT_OBJC_MSGSEND = YES;
				ENABLE_USER_SCRIPT_SANDBOXING = YES;
				GCC_C_LANGUAGE_STANDARD = gnu17;
				GCC_NO_COMMON_BLOCKS = YES;
				GCC_WARN_64_TO_32_BIT_CONVERSION = YES;
				GCC_WARN_ABOUT_RETURN_TYPE = YES_ERROR;
				GCC_WARN_UNDECLARED_SELECTOR = YES;
				GCC_WARN_UNINITIALIZED_AUTOS = YES_AGGRESSIVE;
				GCC_WARN_UNUSED_FUNCTION = YES;
				GCC_WARN_UNUSED_VARIABLE = YES;
				IPHONEOS_DEPLOYMENT_TARGET = 18.2;
				LOCALIZATION_PREFERS_STRING_CATALOGS = YES;
				MTL_ENABLE_DEBUG_INFO = NO;
				MTL_FAST_MATH = YES;
				SDKROOT = iphoneos;
				SWIFT_COMPILATION_MODE = wholemodule;
				VALIDATE_PRODUCT = YES;
			};
			name = Release;
		};
		FC8BBA2E2F802F3A001578BF /* Debug */ = {
			isa = XCBuildConfiguration;
			buildSettings = {
				BUNDLE_LOADER = "$(TEST_HOST)";
				CODE_SIGN_STYLE = Automatic;
				CURRENT_PROJECT_VERSION = 1;
				DEVELOPMENT_TEAM = 934ACJ8W2B;
				GENERATE_INFOPLIST_FILE = YES;
				IPHONEOS_DEPLOYMENT_TARGET = 18.2;
				MARKETING_VERSION = 1.0;
				PRODUCT_BUNDLE_IDENTIFIER = app.assistnav.tests;
				PRODUCT_NAME = "$(TARGET_NAME)";
				SWIFT_EMIT_LOC_STRINGS = NO;
				SWIFT_VERSION = 5.0;
				TARGETED_DEVICE_FAMILY = "1,2";
				TEST_HOST = "$(BUILT_PRODUCTS_DIR)/AssistNav.app/$(BUNDLE_EXECUTABLE_FOLDER_PATH)/AssistNav";
			};
			name = Debug;
		};
		FC8BBA2F2F802F3A001578BF /* Release */ = {
			isa = XCBuildConfiguration;
			buildSettings = {
				BUNDLE_LOADER = "$(TEST_HOST)";
				CODE_SIGN_STYLE = Automatic;
				CURRENT_PROJECT_VERSION = 1;
				DEVELOPMENT_TEAM = 934ACJ8W2B;
				GENERATE_INFOPLIST_FILE = YES;
				IPHONEOS_DEPLOYMENT_TARGET = 18.2;
				MARKETING_VERSION = 1.0;
				PRODUCT_BUNDLE_IDENTIFIER = app.assistnav.tests;
				PRODUCT_NAME = "$(TARGET_NAME)";
				SWIFT_EMIT_LOC_STRINGS = NO;
				SWIFT_VERSION = 5.0;
				TARGETED_DEVICE_FAMILY = "1,2";
				TEST_HOST = "$(BUILT_PRODUCTS_DIR)/AssistNav.app/$(BUNDLE_EXECUTABLE_FOLDER_PATH)/AssistNav";
			};
			name = Release;
		};
		FC8BBA312F802F3A001578BF /* Debug */ = {
			isa = XCBuildConfiguration;
			buildSettings = {
				CODE_SIGN_STYLE = Automatic;
				CURRENT_PROJECT_VERSION = 1;
				DEVELOPMENT_TEAM = 934ACJ8W2B;
				GENERATE_INFOPLIST_FILE = YES;
				MARKETING_VERSION = 1.0;
				PRODUCT_BUNDLE_IDENTIFIER = app.assistnav.uitests;
				PRODUCT_NAME = "$(TARGET_NAME)";
				SWIFT_EMIT_LOC_STRINGS = NO;
				SWIFT_VERSION = 5.0;
				TARGETED_DEVICE_FAMILY = "1,2";
				TEST_TARGET_NAME = AssistNav;
			};
			name = Debug;
		};
		FC8BBA322F802F3A001578BF /* Release */ = {
			isa = XCBuildConfiguration;
			buildSettings = {
				CODE_SIGN_STYLE = Automatic;
				CURRENT_PROJECT_VERSION = 1;
				DEVELOPMENT_TEAM = 934ACJ8W2B;
				GENERATE_INFOPLIST_FILE = YES;
				MARKETING_VERSION = 1.0;
				PRODUCT_BUNDLE_IDENTIFIER = app.assistnav.uitests;
				PRODUCT_NAME = "$(TARGET_NAME)";
				SWIFT_EMIT_LOC_STRINGS = NO;
				SWIFT_VERSION = 5.0;
				TARGETED_DEVICE_FAMILY = "1,2";
				TEST_TARGET_NAME = AssistNav;
			};
			name = Release;
		};
/* End XCBuildConfiguration section */

/* Begin XCConfigurationList section */
		FC8BB9FA2F802F37001578BF /* Build configuration list for PBXProject "AssistNav" */ = {
			isa = XCConfigurationList;
			buildConfigurations = (
				FC8BBA2B2F802F3A001578BF /* Debug */,
				FC8BBA2C2F802F3A001578BF /* Release */,
			);
			defaultConfigurationIsVisible = 0;
			defaultConfigurationName = Release;
		};
		FC8BBA282F802F3A001578BF /* Build configuration list for PBXNativeTarget "AssistNav" */ = {
			isa = XCConfigurationList;
			buildConfigurations = (
				FC8BBA292F802F3A001578BF /* Debug */,
				FC8BBA2A2F802F3A001578BF /* Release */,
			);
			defaultConfigurationIsVisible = 0;
			defaultConfigurationName = Release;
		};
		FC8BBA2D2F802F3A001578BF /* Build configuration list for PBXNativeTarget "AssistNavTests" */ = {
			isa = XCConfigurationList;
			buildConfigurations = (
				FC8BBA2E2F802F3A001578BF /* Debug */,
				FC8BBA2F2F802F3A001578BF /* Release */,
			);
			defaultConfigurationIsVisible = 0;
			defaultConfigurationName = Release;
		};
		FC8BBA302F802F3A001578BF /* Build configuration list for PBXNativeTarget "AssistNavUITests" */ = {
			isa = XCConfigurationList;
			buildConfigurations = (
				FC8BBA312F802F3A001578BF /* Debug */,
				FC8BBA322F802F3A001578BF /* Release */,
			);
			defaultConfigurationIsVisible = 0;
			defaultConfigurationName = Release;
		};
/* End XCConfigurationList section */

/* Begin XCRemoteSwiftPackageReference section */
		FC8BBA332F802F3A001578C0 /* XCRemoteSwiftPackageReference "supabase-swift" */ = {
			isa = XCRemoteSwiftPackageReference;
			repositoryURL = "https://github.com/supabase/supabase-swift";
			requirement = {
				kind = upToNextMajorVersion;
				minimumVersion = 2.0.0;
			};
		};
/* End XCRemoteSwiftPackageReference section */

/* Begin XCSwiftPackageProductDependency section */
		FC8BBA342F802F3A001578C0 /* Supabase */ = {
			isa = XCSwiftPackageProductDependency;
			package = FC8BBA332F802F3A001578C0 /* XCRemoteSwiftPackageReference "supabase-swift" */;
			productName = Supabase;
		};
/* End XCSwiftPackageProductDependency section */
	};
	rootObject = FC8BB9F72F802F37001578BF /* Project object */;
}
